// !$*UTF8*$!
{
	archiveVersion = 1;
	classes = {
	};
	objectVersion = 50;
	objects = {

/* Begin PBXBuildFile section */
		0A49141327B4EFB80008F393 /* AppDelegate.swift in Sources */ = {isa = PBXBuildFile; fileRef = 0A49141227B4EFB80008F393 /* AppDelegate.swift */; };
		0A49141527B4EFB80008F393 /* SceneDelegate.swift in Sources */ = {isa = PBXBuildFile; fileRef = 0A49141427B4EFB80008F393 /* SceneDelegate.swift */; };
		0A49141A27B4EFB80008F393 /* Main.storyboard in Resources */ = {isa = PBXBuildFile; fileRef = 0A49141827B4EFB80008F393 /* Main.storyboard */; };
		0A49141D27B4EFB80008F393 /* Drom.xcdatamodeld in Sources */ = {isa = PBXBuildFile; fileRef = 0A49141B27B4EFB80008F393 /* Drom.xcdatamodeld */; };
		0A49141F27B4EFB90008F393 /* Assets.xcassets in Resources */ = {isa = PBXBuildFile; fileRef = 0A49141E27B4EFB90008F393 /* Assets.xcassets */; };
		0A49142227B4EFB90008F393 /* LaunchScreen.storyboard in Resources */ = {isa = PBXBuildFile; fileRef = 0A49142027B4EFB90008F393 /* LaunchScreen.storyboard */; };
		0A49143027B4F3F70008F393 /* MainPageViewController.swift in Sources */ = {isa = PBXBuildFile; fileRef = 0A49142F27B4F3F70008F393 /* MainPageViewController.swift */; };
		0A49143227B4F5790008F393 /* CardItemCell.swift in Sources */ = {isa = PBXBuildFile; fileRef = 0A49143127B4F5790008F393 /* CardItemCell.swift */; };
		0A49143527B611520008F393 /* CardItems+CoreDataClass.swift in Sources */ = {isa = PBXBuildFile; fileRef = 0A49143327B611520008F393 /* CardItems+CoreDataClass.swift */; };
		0A49143627B611520008F393 /* CardItems+CoreDataProperties.swift in Sources */ = {isa = PBXBuildFile; fileRef = 0A49143427B611520008F393 /* CardItems+CoreDataProperties.swift */; };
/* End PBXBuildFile section */

/* Begin PBXFileReference section */
		0A49140F27B4EFB80008F393 /* Drom.app */ = {isa = PBXFileReference; explicitFileType = wrapper.application; includeInIndex = 0; path = Drom.app; sourceTree = BUILT_PRODUCTS_DIR; };
		0A49141227B4EFB80008F393 /* AppDelegate.swift */ = {isa = PBXFileReference; lastKnownFileType = sourcecode.swift; path = AppDelegate.swift; sourceTree = "<group>"; };
		0A49141427B4EFB80008F393 /* SceneDelegate.swift */ = {isa = PBXFileReference; lastKnownFileType = sourcecode.swift; path = SceneDelegate.swift; sourceTree = "<group>"; };
		0A49141927B4EFB80008F393 /* Base */ = {isa = PBXFileReference; lastKnownFileType = file.storyboard; name = Base; path = Base.lproj/Main.storyboard; sourceTree = "<group>"; };
		0A49141C27B4EFB80008F393 /* Drom.xcdatamodel */ = {isa = PBXFileReference; lastKnownFileType = wrapper.xcdatamodel; path = Drom.xcdatamodel; sourceTree = "<group>"; };
		0A49141E27B4EFB90008F393 /* Assets.xcassets */ = {isa = PBXFileReference; lastKnownFileType = folder.assetcatalog; path = Assets.xcassets; sourceTree = "<group>"; };
		0A49142127B4EFB90008F393 /* Base */ = {isa = PBXFileReference; lastKnownFileType = file.storyboard; name = Base; path = Base.lproj/LaunchScreen.storyboard; sourceTree = "<group>"; };
		0A49142327B4EFB90008F393 /* Info.plist */ = {isa = PBXFileReference; lastKnownFileType = text.plist.xml; path = Info.plist; sourceTree = "<group>"; };
		0A49142F27B4F3F70008F393 /* MainPageViewController.swift */ = {isa = PBXFileReference; lastKnownFileType = sourcecode.swift; path = MainPageViewController.swift; sourceTree = "<group>"; };
		0A49143127B4F5790008F393 /* CardItemCell.swift */ = {isa = PBXFileReference; lastKnownFileType = sourcecode.swift; path = CardItemCell.swift; sourceTree = "<group>"; };
		0A49143327B611520008F393 /* CardItems+CoreDataClass.swift */ = {isa = PBXFileReference; lastKnownFileType = sourcecode.swift; path = "CardItems+CoreDataClass.swift"; sourceTree = "<group>"; };
		0A49143427B611520008F393 /* CardItems+CoreDataProperties.swift */ = {isa = PBXFileReference; lastKnownFileType = sourcecode.swift; path = "CardItems+CoreDataProperties.swift"; sourceTree = "<group>"; };
/* End PBXFileReference section */

/* Begin PBXFrameworksBuildPhase section */
		0A49140C27B4EFB80008F393 /* Frameworks */ = {
			isa = PBXFrameworksBuildPhase;
			buildActionMask = 2147483647;
			files = (
			);
			runOnlyForDeploymentPostprocessing = 0;
		};
/* End PBXFrameworksBuildPhase section */

/* Begin PBXGroup section */
		0A49140627B4EFB80008F393 = {
			isa = PBXGroup;
			children = (
				0A49141127B4EFB80008F393 /* Drom */,
				0A49141027B4EFB80008F393 /* Products */,
			);
			sourceTree = "<group>";
		};
		0A49141027B4EFB80008F393 /* Products */ = {
			isa = PBXGroup;
			children = (
				0A49140F27B4EFB80008F393 /* Drom.app */,
			);
			name = Products;
			sourceTree = "<group>";
		};
		0A49141127B4EFB80008F393 /* Drom */ = {
			isa = PBXGroup;
			children = (
				0A49142C27B4F2E70008F393 /* Resources */,
				0A49142B27B4F2D70008F393 /* Controllers */,
				0A49142A27B4F2C10008F393 /* Models */,
				0A49142927B4F2BA0008F393 /* Views */,
				0A49142327B4EFB90008F393 /* Info.plist */,
			);
			path = Drom;
			sourceTree = "<group>";
		};
		0A49142927B4F2BA0008F393 /* Views */ = {
			isa = PBXGroup;
			children = (
				0A49141E27B4EFB90008F393 /* Assets.xcassets */,
				0A49141827B4EFB80008F393 /* Main.storyboard */,
				0A49142027B4EFB90008F393 /* LaunchScreen.storyboard */,
				0A49143127B4F5790008F393 /* CardItemCell.swift */,
			);
			path = Views;
			sourceTree = "<group>";
		};
		0A49142A27B4F2C10008F393 /* Models */ = {
			isa = PBXGroup;
			children = (
			);
			path = Models;
			sourceTree = "<group>";
		};
		0A49142B27B4F2D70008F393 /* Controllers */ = {
			isa = PBXGroup;
			children = (
				0A49142F27B4F3F70008F393 /* MainPageViewController.swift */,
			);
			path = Controllers;
			sourceTree = "<group>";
		};
		0A49142C27B4F2E70008F393 /* Resources */ = {
			isa = PBXGroup;
			children = (
				0A49141227B4EFB80008F393 /* AppDelegate.swift */,
				0A49141427B4EFB80008F393 /* SceneDelegate.swift */,
				0A49141B27B4EFB80008F393 /* Drom.xcdatamodeld */,
				0A49143327B611520008F393 /* CardItems+CoreDataClass.swift */,
				0A49143427B611520008F393 /* CardItems+CoreDataProperties.swift */,
			);
			path = Resources;
			sourceTree = "<group>";
		};
/* End PBXGroup section */

/* Begin PBXNativeTarget section */
		0A49140E27B4EFB80008F393 /* Drom */ = {
			isa = PBXNativeTarget;
			buildConfigurationList = 0A49142627B4EFB90008F393 /* Build configuration list for PBXNativeTarget "Drom" */;
			buildPhases = (
				0A49140B27B4EFB80008F393 /* Sources */,
				0A49140C27B4EFB80008F393 /* Frameworks */,
				0A49140D27B4EFB80008F393 /* Resources */,
			);
			buildRules = (
			);
			dependencies = (
			);
			name = Drom;
			productName = Drom;
			productReference = 0A49140F27B4EFB80008F393 /* Drom.app */;
			productType = "com.apple.product-type.application";
		};
/* End PBXNativeTarget section */

/* Begin PBXProject section */
		0A49140727B4EFB80008F393 /* Project object */ = {
			isa = PBXProject;
			attributes = {
				LastSwiftUpdateCheck = 1250;
				LastUpgradeCheck = 1250;
				TargetAttributes = {
					0A49140E27B4EFB80008F393 = {
						CreatedOnToolsVersion = 12.5.1;
					};
				};
			};
			buildConfigurationList = 0A49140A27B4EFB80008F393 /* Build configuration list for PBXProject "Drom" */;
			compatibilityVersion = "Xcode 9.3";
			developmentRegion = en;
			hasScannedForEncodings = 0;
			knownRegions = (
				en,
				Base,
			);
			mainGroup = 0A49140627B4EFB80008F393;
			productRefGroup = 0A49141027B4EFB80008F393 /* Products */;
			projectDirPath = "";
			projectRoot = "";
			targets = (
				0A49140E27B4EFB80008F393 /* Drom */,
			);
		};
/* End PBXProject section */

/* Begin PBXResourcesBuildPhase section */
		0A49140D27B4EFB80008F393 /* Resources */ = {
			isa = PBXResourcesBuildPhase;
			buildActionMask = 2147483647;
			files = (
				0A49142227B4EFB90008F393 /* LaunchScreen.storyboard in Resources */,
				0A49141F27B4EFB90008F393 /* Assets.xcassets in Resources */,
				0A49141A27B4EFB80008F393 /* Main.storyboard in Resources */,
			);
			runOnlyForDeploymentPostprocessing = 0;
		};
/* End PBXResourcesBuildPhase section */

/* Begin PBXSourcesBuildPhase section */
		0A49140B27B4EFB80008F393 /* Sources */ = {
			isa = PBXSourcesBuildPhase;
			buildActionMask = 2147483647;
			files = (
				0A49143627B611520008F393 /* CardItems+CoreDataProperties.swift in Sources */,
				0A49143027B4F3F70008F393 /* MainPageViewController.swift in Sources */,
				0A49141327B4EFB80008F393 /* AppDelegate.swift in Sources */,
				0A49143527B611520008F393 /* CardItems+CoreDataClass.swift in Sources */,
				0A49141527B4EFB80008F393 /* SceneDelegate.swift in Sources */,
				0A49141D27B4EFB80008F393 /* Drom.xcdatamodeld in Sources */,
				0A49143227B4F5790008F393 /* CardItemCell.swift in Sources */,
			);
			runOnlyForDeploymentPostprocessing = 0;
		};
/* End PBXSourcesBuildPhase section */

/* Begin PBXVariantGroup section */
		0A49141827B4EFB80008F393 /* Main.storyboard */ = {
			isa = PBXVariantGroup;
			children = (
				0A49141927B4EFB80008F393 /* Base */,
			);
			name = Main.storyboard;
			sourceTree = "<group>";
		};
		0A49142027B4EFB90008F393 /* LaunchScreen.storyboard */ = {
			isa = PBXVariantGroup;
			children = (
				0A49142127B4EFB90008F393 /* Base */,
			);
			name = LaunchScreen.storyboard;
			sourceTree = "<group>";
		};
/* End PBXVariantGroup section */

/* Begin XCBuildConfiguration section */
		0A49142427B4EFB90008F393 /* Debug */ = {
			isa = XCBuildConfiguration;
			buildSettings = {
				ALWAYS_SEARCH_USER_PATHS = NO;
				CLANG_ANALYZER_NONNULL = YES;
				CLANG_ANALYZER_NUMBER_OBJECT_CONVERSION = YES_AGGRESSIVE;
				CLANG_CXX_LANGUAGE_STANDARD = "gnu++14";
				CLANG_CXX_LIBRARY = "libc++";
				CLANG_ENABLE_MODULES = YES;
				CLANG_ENABLE_OBJC_ARC = YES;
				CLANG_ENABLE_OBJC_WEAK = YES;
				CLANG_WARN_BLOCK_CAPTURE_AUTORELEASING = YES;
				CLANG_WARN_BOOL_CONVERSION = YES;
				CLANG_WARN_COMMA = YES;
				CLANG_WARN_CONSTANT_CONVERSION = YES;
				CLANG_WARN_DEPRECATED_OBJC_IMPLEMENTATIONS = YES;
				CLANG_WARN_DIRECT_OBJC_ISA_USAGE = YES_ERROR;
				CLANG_WARN_DOCUMENTATION_COMMENTS = YES;
				CLANG_WARN_EMPTY_BODY = YES;
				CLANG_WARN_ENUM_CONVERSION = YES;
				CLANG_WARN_INFINITE_RECURSION = YES;
				CLANG_WARN_INT_CONVERSION = YES;
				CLANG_WARN_NON_LITERAL_NULL_CONVERSION = YES;
				CLANG_WARN_OBJC_IMPLICIT_RETAIN_SELF = YES;
				CLANG_WARN_OBJC_LITERAL_CONVERSION = YES;
				CLANG_WARN_OBJC_ROOT_CLASS = YES_ERROR;
				CLANG_WARN_QUOTED_INCLUDE_IN_FRAMEWORK_HEADER = YES;
				CLANG_WARN_RANGE_LOOP_ANALYSIS = YES;
				CLANG_WARN_STRICT_PROTOTYPES = YES;
				CLANG_WARN_SUSPICIOUS_MOVE = YES;
				CLANG_WARN_UNGUARDED_AVAILABILITY = YES_AGGRESSIVE;
				CLANG_WARN_UNREACHABLE_CODE = YES;
				CLANG_WARN__DUPLICATE_METHOD_MATCH = YES;
				COPY_PHASE_STRIP = NO;
				DEBUG_INFORMATION_FORMAT = dwarf;
				ENABLE_STRICT_OBJC_MSGSEND = YES;
				ENABLE_TESTABILITY = YES;
				GCC_C_LANGUAGE_STANDARD = gnu11;
				GCC_DYNAMIC_NO_PIC = NO;
				GCC_NO_COMMON_BLOCKS = YES;
				GCC_OPTIMIZATION_LEVEL = 0;
				GCC_PREPROCESSOR_DEFINITIONS = (
					"DEBUG=1",
					"$(inherited)",
				);
				GCC_WARN_64_TO_32_BIT_CONVERSION = YES;
				GCC_WARN_ABOUT_RETURN_TYPE = YES_ERROR;
				GCC_WARN_UNDECLARED_SELECTOR = YES;
				GCC_WARN_UNINITIALIZED_AUTOS = YES_AGGRESSIVE;
				GCC_WARN_UNUSED_FUNCTION = YES;
				GCC_WARN_UNUSED_VARIABLE = YES;
				IPHONEOS_DEPLOYMENT_TARGET = 12.0;
				MTL_ENABLE_DEBUG_INFO = INCLUDE_SOURCE;
				MTL_FAST_MATH = YES;
				ONLY_ACTIVE_ARCH = YES;
				SDKROOT = iphoneos;
				SWIFT_ACTIVE_COMPILATION_CONDITIONS = DEBUG;
				SWIFT_OPTIMIZATION_LEVEL = "-Onone";
			};
			name = Debug;
		};
		0A49142527B4EFB90008F393 /* Release */ = {
			isa = XCBuildConfiguration;
			buildSettings = {
				ALWAYS_SEARCH_USER_PATHS = NO;
				CLANG_ANALYZER_NONNULL = YES;
				CLANG_ANALYZER_NUMBER_OBJECT_CONVERSION = YES_AGGRESSIVE;
				CLANG_CXX_LANGUAGE_STANDARD = "gnu++14";
				CLANG_CXX_LIBRARY = "libc++";
				CLANG_ENABLE_MODULES = YES;
				CLANG_ENABLE_OBJC_ARC = YES;
				CLANG_ENABLE_OBJC_WEAK = YES;
				CLANG_WARN_BLOCK_CAPTURE_AUTORELEASING = YES;
				CLANG_WARN_BOOL_CONVERSION = YES;
				CLANG_WARN_COMMA = YES;
				CLANG_WARN_CONSTANT_CONVERSION = YES;
				CLANG_WARN_DEPRECATED_OBJC_IMPLEMENTATIONS = YES;
				CLANG_WARN_DIRECT_OBJC_ISA_USAGE = YES_ERROR;
				CLANG_WARN_DOCUMENTATION_COMMENTS = YES;
				CLANG_WARN_EMPTY_BODY = YES;
				CLANG_WARN_ENUM_CONVERSION = YES;
				CLANG_WARN_INFINITE_RECURSION = YES;
				CLANG_WARN_INT_CONVERSION = YES;
				CLANG_WARN_NON_LITERAL_NULL_CONVERSION = YES;
				CLANG_WARN_OBJC_IMPLICIT_RETAIN_SELF = YES;
				CLANG_WARN_OBJC_LITERAL_CONVERSION = YES;
				CLANG_WARN_OBJC_ROOT_CLASS = YES_ERROR;
				CLANG_WARN_QUOTED_INCLUDE_IN_FRAMEWORK_HEADER = YES;
				CLANG_WARN_RANGE_LOOP_ANALYSIS = YES;
				CLANG_WARN_STRICT_PROTOTYPES = YES;
				CLANG_WARN_SUSPICIOUS_MOVE = YES;
				CLANG_WARN_UNGUARDED_AVAILABILITY = YES_AGGRESSIVE;
				CLANG_WARN_UNREACHABLE_CODE = YES;
				CLANG_WARN__DUPLICATE_METHOD_MATCH = YES;
				COPY_PHASE_STRIP = NO;
				DEBUG_INFORMATION_FORMAT = "dwarf-with-dsym";
				ENABLE_NS_ASSERTIONS = NO;
				ENABLE_STRICT_OBJC_MSGSEND = YES;
				GCC_C_LANGUAGE_STANDARD = gnu11;
				GCC_NO_COMMON_BLOCKS = YES;
				GCC_WARN_64_TO_32_BIT_CONVERSION = YES;
				GCC_WARN_ABOUT_RETURN_TYPE = YES_ERROR;
				GCC_WARN_UNDECLARED_SELECTOR = YES;
				GCC_WARN_UNINITIALIZED_AUTOS = YES_AGGRESSIVE;
				GCC_WARN_UNUSED_FUNCTION = YES;
				GCC_WARN_UNUSED_VARIABLE = YES;
				IPHONEOS_DEPLOYMENT_TARGET = 12.0;
				MTL_ENABLE_DEBUG_INFO = NO;
				MTL_FAST_MATH = YES;
				SDKROOT = iphoneos;
				SWIFT_COMPILATION_MODE = wholemodule;
				SWIFT_OPTIMIZATION_LEVEL = "-O";
				VALIDATE_PRODUCT = YES;
			};
			name = Release;
		};
		0A49142727B4EFB90008F393 /* Debug */ = {
			isa = XCBuildConfiguration;
			buildSettings = {
				ASSETCATALOG_COMPILER_APPICON_NAME = AppIcon;
				ASSETCATALOG_COMPILER_GLOBAL_ACCENT_COLOR_NAME = AccentColor;
				CODE_SIGN_STYLE = Automatic;
				DEVELOPMENT_TEAM = 3F8W4Q68H9;
				INFOPLIST_FILE = Drom/Info.plist;
				LD_RUNPATH_SEARCH_PATHS = (
					"$(inherited)",
					"@executable_path/Frameworks",
				);
				PRODUCT_BUNDLE_IDENTIFIER = ru.atlantiskun.Drom;
				PRODUCT_NAME = "$(TARGET_NAME)";
				SWIFT_VERSION = 5.0;
				TARGETED_DEVICE_FAMILY = "1,2";
			};
			name = Debug;
		};
		0A49142827B4EFB90008F393 /* Release */ = {
			isa = XCBuildConfiguration;
			buildSettings = {
				ASSETCATALOG_COMPILER_APPICON_NAME = AppIcon;
				ASSETCATALOG_COMPILER_GLOBAL_ACCENT_COLOR_NAME = AccentColor;
				CODE_SIGN_STYLE = Automatic;
				DEVELOPMENT_TEAM = 3F8W4Q68H9;
				INFOPLIST_FILE = Drom/Info.plist;
				LD_RUNPATH_SEARCH_PATHS = (
					"$(inherited)",
					"@executable_path/Frameworks",
				);
				PRODUCT_BUNDLE_IDENTIFIER = ru.atlantiskun.Drom;
				PRODUCT_NAME = "$(TARGET_NAME)";
				SWIFT_VERSION = 5.0;
				TARGETED_DEVICE_FAMILY = "1,2";
			};
			name = Release;
		};
/* End XCBuildConfiguration section */

/* Begin XCConfigurationList section */
		0A49140A27B4EFB80008F393 /* Build configuration list for PBXProject "Drom" */ = {
			isa = XCConfigurationList;
			buildConfigurations = (
				0A49142427B4EFB90008F393 /* Debug */,
				0A49142527B4EFB90008F393 /* Release */,
			);
			defaultConfigurationIsVisible = 0;
			defaultConfigurationName = Release;
		};
		0A49142627B4EFB90008F393 /* Build configuration list for PBXNativeTarget "Drom" */ = {
			isa = XCConfigurationList;
			buildConfigurations = (
				0A49142727B4EFB90008F393 /* Debug */,
				0A49142827B4EFB90008F393 /* Release */,
			);
			defaultConfigurationIsVisible = 0;
			defaultConfigurationName = Release;
		};
/* End XCConfigurationList section */

/* Begin XCVersionGroup section */
		0A49141B27B4EFB80008F393 /* Drom.xcdatamodeld */ = {
			isa = XCVersionGroup;
			children = (
				0A49141C27B4EFB80008F393 /* Drom.xcdatamodel */,
			);
			currentVersion = 0A49141C27B4EFB80008F393 /* Drom.xcdatamodel */;
			path = Drom.xcdatamodeld;
			sourceTree = "<group>";
			versionGroupType = wrapper.xcdatamodel;
		};
/* End XCVersionGroup section */
	};
	rootObject = 0A49140727B4EFB80008F393 /* Project object */;
}
